
Microsoft Visual Studio Solution File, Format Version 12.00
# Visual Studio Version 16
VisualStudioVersion = 16.6.30114.105
MinimumVisualStudioVersion = 10.0.40219.1
Project("{2150E333-8FDC-42A3-9474-1A3956D46DE8}") = "src", "src", "{CCD4B80C-564B-4759-846C-1E971F6CF09D}"
EndProject
Project("{FAE04EC0-301F-11D3-BF4B-00C04F79EFBC}") = "IdentityServer", "src\IdentityServer\IdentityServer.csproj", "{BCC0F821-261F-4B37-BC82-F29A810A0984}"
EndProject
Project("{FAE04EC0-301F-11D3-BF4B-00C04F79EFBC}") = "MvcClient", "src\MvcClient\MvcClient.csproj", "{392EF9A2-286F-4FDC-9DFF-A598D3C6BE3F}"
EndProject
Global
	GlobalSection(SolutionConfigurationPlatforms) = preSolution
		Debug|Any CPU = Debug|Any CPU
		Debug|x64 = Debug|x64
		Debug|x86 = Debug|x86
		Release|Any CPU = Release|Any CPU
		Release|x64 = Release|x64
		Release|x86 = Release|x86
	EndGlobalSection
	GlobalSection(SolutionProperties) = preSolution
		HideSolutionNode = FALSE
	EndGlobalSection
	GlobalSection(ProjectConfigurationPlatforms) = postSolution
		{BCC0F821-261F-4B37-BC82-F29A810A0984}.Debug|Any CPU.ActiveCfg = Debug|Any CPU
		{BCC0F821-261F-4B37-BC82-F29A810A0984}.Debug|Any CPU.Build.0 = Debug|Any CPU
		{BCC0F821-261F-4B37-BC82-F29A810A0984}.Debug|x64.ActiveCfg = Debug|Any CPU
		{BCC0F821-261F-4B37-BC82-F29A810A0984}.Debug|x64.Build.0 = Debug|Any CPU
		{BCC0F821-261F-4B37-BC82-F29A810A0984}.Debug|x86.ActiveCfg = Debug|Any CPU
		{BCC0F821-261F-4B37-BC82-F29A810A0984}.Debug|x86.Build.0 = Debug|Any CPU
		{BCC0F821-261F-4B37-BC82-F29A810A0984}.Release|Any CPU.ActiveCfg = Release|Any CPU
		{BCC0F821-261F-4B37-BC82-F29A810A0984}.Release|Any CPU.Build.0 = Release|Any CPU
		{BCC0F821-261F-4B37-BC82-F29A810A0984}.Release|x64.ActiveCfg = Release|Any CPU
		{BCC0F821-261F-4B37-BC82-F29A810A0984}.Release|x64.Build.0 = Release|Any CPU
		{BCC0F821-261F-4B37-BC82-F29A810A0984}.Release|x86.ActiveCfg = Release|Any CPU
		{BCC0F821-261F-4B37-BC82-F29A810A0984}.Release|x86.Build.0 = Release|Any CPU
		{392EF9A2-286F-4FDC-9DFF-A598D3C6BE3F}.Debug|Any CPU.ActiveCfg = Debug|Any CPU
		{392EF9A2-286F-4FDC-9DFF-A598D3C6BE3F}.Debug|Any CPU.Build.0 = Debug|Any CPU
		{392EF9A2-286F-4FDC-9DFF-A598D3C6BE3F}.Debug|x64.ActiveCfg = Debug|Any CPU
		{392EF9A2-286F-4FDC-9DFF-A598D3C6BE3F}.Debug|x64.Build.0 = Debug|Any CPU
		{392EF9A2-286F-4FDC-9DFF-A598D3C6BE3F}.Debug|x86.ActiveCfg = Debug|Any CPU
		{392EF9A2-286F-4FDC-9DFF-A598D3C6BE3F}.Debug|x86.Build.0 = Debug|Any CPU
		{392EF9A2-286F-4FDC-9DFF-A598D3C6BE3F}.Release|Any CPU.ActiveCfg = Release|Any CPU
		{392EF9A2-286F-4FDC-9DFF-A598D3C6BE3F}.Release|Any CPU.Build.0 = Release|Any CPU
		{392EF9A2-286F-4FDC-9DFF-A598D3C6BE3F}.Release|x64.ActiveCfg = Release|Any CPU
		{392EF9A2-286F-4FDC-9DFF-A598D3C6BE3F}.Release|x64.Build.0 = Release|Any CPU
		{392EF9A2-286F-4FDC-9DFF-A598D3C6BE3F}.Release|x86.ActiveCfg = Release|Any CPU
		{392EF9A2-286F-4FDC-9DFF-A598D3C6BE3F}.Release|x86.Build.0 = Release|Any CPU
	EndGlobalSection
	GlobalSection(NestedProjects) = preSolution
		{BCC0F821-261F-4B37-BC82-F29A810A0984} = {CCD4B80C-564B-4759-846C-1E971F6CF09D}
		{392EF9A2-286F-4FDC-9DFF-A598D3C6BE3F} = {CCD4B80C-564B-4759-846C-1E971F6CF09D}
	EndGlobalSection
EndGlobal
